
Microsoft Visual Studio Solution File, Format Version 12.00
# Visual Studio 15
VisualStudioVersion = 15.0.26430.13
MinimumVisualStudioVersion = 10.0.40219.1
Project("{FAE04EC0-301F-11D3-BF4B-00C04F79EFBC}") = "1. Distinct List", "1. Distinct List\1. Distinct List.csproj", "{548A91F2-D324-4359-8D02-3BF81B6917D5}"
EndProject
Project("{FAE04EC0-301F-11D3-BF4B-00C04F79EFBC}") = "2. Integer Insertion", "2. Integer Insertion\2. Integer Insertion.csproj", "{167AED3C-BCB4-437A-9D24-5D22F9256CD4}"
EndProject
Project("{FAE04EC0-301F-11D3-BF4B-00C04F79EFBC}") = "3. Camel’s Back", "3. Camel’s Back\3. Camel’s Back.csproj", "{6B3F938F-9506-4A59-989D-1A1D6CE78587}"
EndProject
Project("{FAE04EC0-301F-11D3-BF4B-00C04F79EFBC}") = "4. Ununion Lists", "4. Ununion Lists\4. Ununion Lists.csproj", "{B953C938-E76C-45C0-99D8-83E564CF53D9}"
EndProject
Project("{FAE04EC0-301F-11D3-BF4B-00C04F79EFBC}") = "Note Statistics", "Note Statistics\Note Statistics.csproj", "{A1052406-C2D2-4010-8ECE-640BBA7D0E64}"
EndProject
Project("{FAE04EC0-301F-11D3-BF4B-00C04F79EFBC}") = "Winecraft", "Winecraft\Winecraft.csproj", "{82C98C74-928F-4016-94F8-A0ABDAEA4C95}"
EndProject
Global
	GlobalSection(SolutionConfigurationPlatforms) = preSolution
		Debug|Any CPU = Debug|Any CPU
		Release|Any CPU = Release|Any CPU
	EndGlobalSection
	GlobalSection(ProjectConfigurationPlatforms) = postSolution
		{548A91F2-D324-4359-8D02-3BF81B6917D5}.Debug|Any CPU.ActiveCfg = Debug|Any CPU
		{548A91F2-D324-4359-8D02-3BF81B6917D5}.Debug|Any CPU.Build.0 = Debug|Any CPU
		{548A91F2-D324-4359-8D02-3BF81B6917D5}.Release|Any CPU.ActiveCfg = Release|Any CPU
		{548A91F2-D324-4359-8D02-3BF81B6917D5}.Release|Any CPU.Build.0 = Release|Any CPU
		{167AED3C-BCB4-437A-9D24-5D22F9256CD4}.Debug|Any CPU.ActiveCfg = Debug|Any CPU
		{167AED3C-BCB4-437A-9D24-5D22F9256CD4}.Debug|Any CPU.Build.0 = Debug|Any CPU
		{167AED3C-BCB4-437A-9D24-5D22F9256CD4}.Release|Any CPU.ActiveCfg = Release|Any CPU
		{167AED3C-BCB4-437A-9D24-5D22F9256CD4}.Release|Any CPU.Build.0 = Release|Any CPU
		{6B3F938F-9506-4A59-989D-1A1D6CE78587}.Debug|Any CPU.ActiveCfg = Debug|Any CPU
		{6B3F938F-9506-4A59-989D-1A1D6CE78587}.Debug|Any CPU.Build.0 = Debug|Any CPU
		{6B3F938F-9506-4A59-989D-1A1D6CE78587}.Release|Any CPU.ActiveCfg = Release|Any CPU
		{6B3F938F-9506-4A59-989D-1A1D6CE78587}.Release|Any CPU.Build.0 = Release|Any CPU
		{B953C938-E76C-45C0-99D8-83E564CF53D9}.Debug|Any CPU.ActiveCfg = Debug|Any CPU
		{B953C938-E76C-45C0-99D8-83E564CF53D9}.Debug|Any CPU.Build.0 = Debug|Any CPU
		{B953C938-E76C-45C0-99D8-83E564CF53D9}.Release|Any CPU.ActiveCfg = Release|Any CPU
		{B953C938-E76C-45C0-99D8-83E564CF53D9}.Release|Any CPU.Build.0 = Release|Any CPU
		{A1052406-C2D2-4010-8ECE-640BBA7D0E64}.Debug|Any CPU.ActiveCfg = Debug|Any CPU
		{A1052406-C2D2-4010-8ECE-640BBA7D0E64}.Debug|Any CPU.Build.0 = Debug|Any CPU
		{A1052406-C2D2-4010-8ECE-640BBA7D0E64}.Release|Any CPU.ActiveCfg = Release|Any CPU
		{A1052406-C2D2-4010-8ECE-640BBA7D0E64}.Release|Any CPU.Build.0 = Release|Any CPU
		{82C98C74-928F-4016-94F8-A0ABDAEA4C95}.Debug|Any CPU.ActiveCfg = Debug|Any CPU
		{82C98C74-928F-4016-94F8-A0ABDAEA4C95}.Debug|Any CPU.Build.0 = Debug|Any CPU
		{82C98C74-928F-4016-94F8-A0ABDAEA4C95}.Release|Any CPU.ActiveCfg = Release|Any CPU
		{82C98C74-928F-4016-94F8-A0ABDAEA4C95}.Release|Any CPU.Build.0 = Release|Any CPU
	EndGlobalSection
	GlobalSection(SolutionProperties) = preSolution
		HideSolutionNode = FALSE
	EndGlobalSection
EndGlobal
